
Microsoft Visual Studio Solution File, Format Version 12.00
# Visual Studio Version 16
VisualStudioVersion = 16.0.31702.278
MinimumVisualStudioVersion = 10.0.40219.1
Project("{FAE04EC0-301F-11D3-BF4B-00C04F79EFBC}") = "CourseManager", "CourseManager\CourseManager.csproj", "{C45361F8-1DF4-4499-9495-1D05131D5C70}"
EndProject
Project("{FAE04EC0-301F-11D3-BF4B-00C04F79EFBC}") = "CourseManagerTests", "CourseManagerTests\CourseManagerTests.csproj", "{309A394C-AFF1-4EC3-9CD6-CC5D2548AF5A}"
EndProject
Global
	GlobalSection(SolutionConfigurationPlatforms) = preSolution
		Debug|Any CPU = Debug|Any CPU
		Release|Any CPU = Release|Any CPU
	EndGlobalSection
	GlobalSection(ProjectConfigurationPlatforms) = postSolution
		{C45361F8-1DF4-4499-9495-1D05131D5C70}.Debug|Any CPU.ActiveCfg = Debug|Any CPU
		{C45361F8-1DF4-4499-9495-1D05131D5C70}.Debug|Any CPU.Build.0 = Debug|Any CPU
		{C45361F8-1DF4-4499-9495-1D05131D5C70}.Release|Any CPU.ActiveCfg = Release|Any CPU
		{C45361F8-1DF4-4499-9495-1D05131D5C70}.Release|Any CPU.Build.0 = Release|Any CPU
		{309A394C-AFF1-4EC3-9CD6-CC5D2548AF5A}.Debug|Any CPU.ActiveCfg = Debug|Any CPU
		{309A394C-AFF1-4EC3-9CD6-CC5D2548AF5A}.Debug|Any CPU.Build.0 = Debug|Any CPU
		{309A394C-AFF1-4EC3-9CD6-CC5D2548AF5A}.Release|Any CPU.ActiveCfg = Release|Any CPU
		{309A394C-AFF1-4EC3-9CD6-CC5D2548AF5A}.Release|Any CPU.Build.0 = Release|Any CPU
	EndGlobalSection
	GlobalSection(SolutionProperties) = preSolution
		HideSolutionNode = FALSE
	EndGlobalSection
	GlobalSection(ExtensibilityGlobals) = postSolution
		SolutionGuid = {030C8F85-3E8E-4E5B-8D62-A386A11B0BCA}
	EndGlobalSection
EndGlobal
